
Microsoft Visual Studio Solution File, Format Version 12.00
# Visual Studio Version 17
VisualStudioVersion = 17.0.31903.59
MinimumVisualStudioVersion = 10.0.40219.1
Project("{9A19103F-16F7-4668-BE54-9A1E7A4F7556}") = "Algorithms", "src\Algorithms\Algorithms.csproj", "{9391B765-68F8-413B-BE4A-0C52D1B0EAB5}"
EndProject
Project("{9A19103F-16F7-4668-BE54-9A1E7A4F7556}") = "Algorithms.Tests", "src\Algorithms.Tests\Algorithms.Tests.csproj", "{EFD3C1BE-C588-4A50-A59D-513AD1898C48}"
EndProject
Project("{9A19103F-16F7-4668-BE54-9A1E7A4F7556}") = "Algorithms.Benchmark", "src\Algorithms.Benchmark\Algorithms.Benchmark.csproj", "{EC5D1B20-E8B3-4291-A851-34D5F6D042CA}"
EndProject
Project("{2150E333-8FDC-42A3-9474-1A3956D46DE8}") = "solution items", "solution items", "{00C38965-CE0A-4FAC-A32E-E8AFAA06E0BD}"
	ProjectSection(SolutionItems) = preProject
		.gitignore = .gitignore
	EndProjectSection
EndProject
Project("{2150E333-8FDC-42A3-9474-1A3956D46DE8}") = "BenchmarkDotNet.Artifacts.results", "BenchmarkDotNet.Artifacts.results", "{9980B3FC-F431-48A7-A9ED-E117CF2C3D6D}"
	ProjectSection(SolutionItems) = preProject
		BenchmarkDotNet.Artifacts\results\LargestSum-report-github.md = BenchmarkDotNet.Artifacts\results\LargestSum-report-github.md
		BenchmarkDotNet.Artifacts\results\LargestSum-report.csv = BenchmarkDotNet.Artifacts\results\LargestSum-report.csv
		BenchmarkDotNet.Artifacts\results\LargestSum-report.html = BenchmarkDotNet.Artifacts\results\LargestSum-report.html
	EndProjectSection
EndProject
Global
	GlobalSection(SolutionConfigurationPlatforms) = preSolution
		Debug|Any CPU = Debug|Any CPU
		Release|Any CPU = Release|Any CPU
	EndGlobalSection
	GlobalSection(ProjectConfigurationPlatforms) = postSolution
		{9391B765-68F8-413B-BE4A-0C52D1B0EAB5}.Debug|Any CPU.ActiveCfg = Debug|Any CPU
		{9391B765-68F8-413B-BE4A-0C52D1B0EAB5}.Debug|Any CPU.Build.0 = Debug|Any CPU
		{9391B765-68F8-413B-BE4A-0C52D1B0EAB5}.Release|Any CPU.ActiveCfg = Release|Any CPU
		{9391B765-68F8-413B-BE4A-0C52D1B0EAB5}.Release|Any CPU.Build.0 = Release|Any CPU
		{EFD3C1BE-C588-4A50-A59D-513AD1898C48}.Debug|Any CPU.ActiveCfg = Debug|Any CPU
		{EFD3C1BE-C588-4A50-A59D-513AD1898C48}.Debug|Any CPU.Build.0 = Debug|Any CPU
		{EFD3C1BE-C588-4A50-A59D-513AD1898C48}.Release|Any CPU.ActiveCfg = Release|Any CPU
		{EFD3C1BE-C588-4A50-A59D-513AD1898C48}.Release|Any CPU.Build.0 = Release|Any CPU
		{EC5D1B20-E8B3-4291-A851-34D5F6D042CA}.Debug|Any CPU.ActiveCfg = Debug|Any CPU
		{EC5D1B20-E8B3-4291-A851-34D5F6D042CA}.Debug|Any CPU.Build.0 = Debug|Any CPU
		{EC5D1B20-E8B3-4291-A851-34D5F6D042CA}.Release|Any CPU.ActiveCfg = Release|Any CPU
		{EC5D1B20-E8B3-4291-A851-34D5F6D042CA}.Release|Any CPU.Build.0 = Release|Any CPU
	EndGlobalSection
	GlobalSection(SolutionProperties) = preSolution
		HideSolutionNode = FALSE
	EndGlobalSection
	GlobalSection(NestedProjects) = preSolution
		{9980B3FC-F431-48A7-A9ED-E117CF2C3D6D} = {00C38965-CE0A-4FAC-A32E-E8AFAA06E0BD}
	EndGlobalSection
	GlobalSection(ExtensibilityGlobals) = postSolution
		SolutionGuid = {11A0CE03-7267-46BA-8673-85298F67105D}
	EndGlobalSection
EndGlobal
